---
-10:26:-32:world:
- say %r 님은 %r 님을 좋아했지만 %r 님은 %r 님을 좋아했고 %r 님은 모솔이에요
-10:26:-33:world:
- say %r 님은 %r 님과 결혼해서 %r 님을 낳았어요
-127:8:-208:world:
- '%b %op kick %p 지뢰밟음 ㅋ'
-13:3:-93:world:
- '%cool:13 %console effect %player %dice:1,21 3 9'
-23:3:-117:world:
- '%cool:13 %console effect %player %dice:1,21 3 9'
-24:36:36:world:
- '%op moneyop g %p %cool 30 9999'
-24:3:-93:world:
- '%cool:13 %console effect %player %dice:1,21 3 9'
-26:3:11:world:
- '%tp:-101,4,-7'
-2:14:56:world:
- kick %sirius §4켈켈켈
-2:43:48:world:
- spawn
-2:81:-57:world:
- '%op say %p 끼아악 밴당함!!!!'
-30:23:6:world:
- '%block %console kick booohk'
-30:24:6:world:
- '%console kick booohk'
-33:3:-102:world:
- '%cool:13 %console effect %player %dice:1,21 3 9'
-33:3:-113:world:
- '%cool:13 %console effect %player %dice:1,21 3 9'
-48:53:-3:world:
- '%op moneyop give cheeee '
-5:21:126:world:
- '%op tp[2:25:123] %p'
-5:4:10:world:
- '%chat 명령어 입력 시 자신의 인벤토리를 확장합니다. '
- '%chat §8현재 오류로 인하여 되지 않는 명령어입니다.'
-5:4:11:world:
- '%chat 명령어 입력 시 자신이 소지하고 있는 타이틀의 목록을 불러옵니다. '
-5:4:12:world:
- '%chat 명령어 입력 시 스폰으로 텔레포트 됩니다. '
-5:4:13:world:
- '%chat 명령어 입력 시 서버 전체 랭킹을 확인합니다. '
-5:4:14:world:
- '%chat 명령어 입력 시 상대방의 돈과 랭킹을 확인합니다. '
-5:4:15:world:
- '%chat 명령어 입력 시 상대방에게 원하는 만큼 돈을 지불합니다. '
-5:5:10:world:
- '%chat 명령어 입력 시 자신의 돈과 랭킹을 확인합니다. '
-5:5:11:world:
- '%chat 명령어 입력 시 초대 및 공유 여부와 상관없이 모든 플레이어가 자신의 팜에 방문할 수 있게 합니다. '
-5:5:12:world:
- '%chat 명령어 입력 시 자신이 있는 팜의 정보를 확인합니다. '
-5:5:13:world:
- '%chat 명령어 입력 시 자신의 팜에 초대 또는 공유된 플레이어의 목록을 불러옵니다. '
-5:5:14:world:
- '%chat 명령어 입력 시 모든 플레이어에게 했던 초대나 공유를 해제합니다. '
-5:5:15:world:
- '%chat 명령어 입력 시 상대방에게 했던 초대나 공유를 해제합니다. '
-5:5:16:world:
- '%chat /길드 생성 <길드이름> 으로 길드를 만들수 있습니다'
- '%chat 대신 생성시 30만원이 지불 됩니다'
-5:6:10:world:
- '%chat 명령어 입력 시 상대방이 자신의 팜을 수정하도록 합니다. '
-5:6:11:world:
- '%chat 명령어 입력 시 상대방을 자신의 팜에 초대합니다. '
-5:6:12:world:
- '%chat 명령어 입력 시 상대방의 팜으로 이동합니다. '
-5:6:13:world:
- '%chat 명령어 입력 시 자신의 팜의 팜 색상을 설정합니다. '
-5:6:14:world:
- '%chat 명령어 입력 시 자신의 팜으로 이동합니다. '
-5:6:15:world:
- '%chat 명령어 입력 시 마인팜을 구매합니다. '
-5:6:16:world:
- '%chat 핫바에 선택한 아이템을 삭제합니다'
-62:82:0:world:
- '%op titleop patch %player 17'
-6:20:117:world:
- '%op tp:[2,25,123] %p'
-9:3:-104:world:
- '%cool:13 %console effect %player %dice:1,21 3 9'
-9:3:-117:world:
- '%cool:13 %console effect %player %dice:1,21 3 9'
0:22:118:world:
- '%op kick %p §c나 [0/5000]§e 악수하다 팔빠져 사망'
138:10:-106:world:
- '%op effect %p 10 30 1'
- '%cool:100 %chat 쿨타임 100초'
139:12:-30:world:
- '%chat §6상자에서 나오는 알수 없는 기운으로 밖으로 쫓겨납니다'
- spawn
13:11:193:world:
- '%b %op %chat %tp:174,18,80'
- '%cool:3600'
- '%chat §5[ 탈 출 맵 ] §6당신은 수상한 행동을 하다가 경찰에게 잡혀 감옥으로 이동하게 됩니다.'
- '%chat §5[ 탈 출 맵 ] §7이 탈출맵은 한시간에 한번만 입장 가능합니다.'
140:3:41:MineFarm_3:
- '%op kick cafe 힛'
141:13:82:world:
- '%op give %p 266 1'
- '%chat §6상자에서 §e금 §6을 발견햇습니다'
- '%cool:4000'
145:12:-30:world:
- '%chat §6상자를 열자 신비한기운으로 이동됩니다'
- '%op %tp:147,5,-32'
146:29:79:world:
- '%op %tp:154,28,66'
147:13:39:world:
- '%chat §6상자속에서 §24000$ §6을 발견햇습니다'
- '%op moneyop give %p 4000'
- '%cool:4000'
148:8:-46:world:
- '%chat §6아까 단체로 누가 이곳에 왔엇지...'
149:7:-42:world:
- '%chat §6상자에서 §21000$ §6를 발견하엿습니다'
- '%op moneyop give %p 1000'
- '%cool:3600'
152:8:-55:world:
- '%chat §6호박을 클릭시 아이템드롭 힌트발견 스폰으로이동 이 됩니다'
152:8:-56:world:
- '%chat §b철장을 클릭시 힌트나 숨은길을 찾을수 있습니다'
152:8:-57:world:
- '%chat §6상자를 클릭시 숨은길을 찾거나 스폰으로 돌아가거나 아이템이 드롭됩니다'
153:28:58:world:
- '%op %chat §b상품A를 획득하셧습니다'
- '%op give %p 264 20'
- spawn
154:13:-38:world:
- '%chat §b누군가가 억지로 열어보려한듯한 흔적이 있다..'
155:28:58:world:
- '%chat §b상품B를 획득하셧습니다'
157:28:58:world:
- '%chat §b상품C를 획득하셧습니다'
- '%op moneyop give %p 50000'
- spawn
159:4:43:MineFarm_3:
- effect %p 8 9999999 2
- effect %p 1 999999 2
159:4:44:MineFarm_3:
- effect %p clear
159:4:45:MineFarm_3:
- allplayer mute
159:4:46:MineFarm_3:
- time set 0
159:5:43:MineFarm_3:
- gamemode 1
159:5:44:MineFarm_3:
- gamemode 0
159:5:45:MineFarm_3:
- ap dmg
161:7:-31:world:
- '%chat §6이방에 들어오는게 아니엿어.. 이곳에 후에 올사람들을 위해 남긴다...'
- '%chat §6우연히 이집을 찾아 들어왓다가 무언가 잘못됨을 느꼇다'
- '%chat §6집에 문이 닫히고 우연히 발견한통로로왓....'
- '%chat §5메시지가 끊어졋다..'
162:25:-59:world:
- '%op %tp:181,3,-58'
- '%chat §6창살이 쉽게열린다.. 누군가가 지나간게 틀림없다'
163:18:162:world:
- '%cool:9999999999999 %op titleop p %p 16'
163:20:-106:world:
- '%op effect %p 5 30 3'
- '%cool:300 %chat 쿨타임 300초'
164:10:-96:world:
- '%op effect %p 11 30 1'
- '%cool:100 %chat 쿨타임 100초'
164:18:45:world:
- '%op moneyop give %p 1000'
- '%chat §6상자에서 §21000$ §6를 발견햇습니다'
- '%cool:4000'
164:18:66:world:
- '%chat §3경찰에게 잡혀 스폰으로 쫓겨납니다'
- spawn
164:29:75:world:
- '%b spawn'
167:26:68:world:
- '%b spawn'
167:26:74:world:
- '%b spawn'
168:13:82:world:
- '%chat §6상자속에서 §210$§6 을  발견햇습니다'
- '%op moneyop give %p 10'
- '%cool:4000'
169:34:-108:world:
- allplayer dmg
- allplayer pvp
169:5:-44:world:
- '%chat §b누군가 나중에 올사람을위해 살짝 열어놓은듯 하다..'
- '%op %tp:170,2,-27'
- '%chat 시리우스 : 아...아아아아아...싫어!!!!! 살...ㄹ.'
170:13:-37:world:
- '%chat 책이 보존이 상해 있다..'
170:13:81:world:
- '%chat §6상자에서 §23000$ §6를 발견햇습니다'
- '%op moneyop give %p 3000'
- '%cool:4000'
170:15:-44:world:
- '%chat 오피들의 비밀!'
170:3:-56:world:
- '%chat §6상자안에 미믹들이 나타낫습니다 급히 spawn을 칩니다'
- spawn
170:7:-57:world:
- '%chat §6신비한기운으로 집안에서 쫓겨납니다'
- spawn
171:26:58:world:
- '%b spawn'
171:26:68:world:
- '%b spawn'
- '%b spawn'
173:13:-38:world:
- '%chat 조씨의 문어요리!'
173:13:47:world:
- '%chat §6상자에서 §21000$ §6을 발견햇습니다'
- '%op moneyop give %p 1000'
- '%cool:4000'
173:15:-46:world:
- '%chat 빌드의 베타빌드일기'
174:13:-54:world:
- '%chat 루비서버의 일기!'
174:15:-50:world:
- '%chat 시린니의이빨'
175:26:58:world:
- '%b spawn'
- '%b spawn'
175:26:73:world:
- '%b spawn'
176:15:-36:world:
- '%chat 루나의 달토끼 일기'
177:18:73:world:
- '%chat §3수상한행동을하는것이 cctv에 걸려 독방에 갑니다'
- '%op %tp:189,13,34'
178:14:-44:world:
- '%chat 시드의 씨앗관찰기'
178:14:-46:world:
- '%chat §d청소년관람불가'
178:14:-56:world:
- '%chat §9디엔의 뒤엔 무엇이 있을까? 1~10 '
180:13:-50:world:
- '%chat 부자가되는법'
181:14:-42:world:
- '%chat 오피가 되는법'
182:14:-54:world:
- '%chat 데베가좋아하는국산!'
184:4:-34:world:
- '%chat 이곳은 지나갈수없다!'
185:13:-38:world:
- '%chat 브레드의 맛잇는빵만들기'
186:13:-40:world:
- '%chat Bell의 일기'
187:32:37:world:
- '%b %op %chat %tp:174,18,80'
- '%chat §5[ 탈 출 맵 ] §6독방에서 탈출하여 처음으로 돌아갑니다.'
187:3:-33:world:
- '%chat §6상자에서 1000원을 발견하엿다...'
- '%op moneyop give %p 1000'
- '%cool:3600'
188:14:-54:world:
- '%chat 민스의 남자가되는방법'
189:13:-38:world:
- '%chat 노을의 모래언덕 일기'
191:3:-56:world:
- '%chat §b누군가가 창문을 망가트린 흔적이다.. 침입한것이 틀림없다'
192:14:-46:world:
- '%chat 부오크의 오크족 일기'
192:3:-51:world:
- '%chat §6상자에서 §b다이아곡괭이§6 를 발견하엿다'
- '%op give %p 278'
- '%cool:3600'
192:3:-54:world:
- '%chat §6이게 발견되엇을때면 난 이미 죽엇겟지...'
- '%chat §6난 무언가에 쫓기듯 이방에 왓다 하지만 도무지 살수있을거 같지가 않다...'
- '%chat §6그는 문을 부스려고 하고있다... 난 너무겁이난다...'
- '%chat §6이제 방법은 하나 뿐이다 그에게 죽느냐 §4자살§6 하느냐...'
- '%chat §6이곳까지 온 사람에게 내가 숨긴 선물을 주겟다..'
- '%chat §6내가 가지고있던 물건은 모두 이방 상자안에 넣엇다..'
192:5:-41:world:
- '%chat §9쪽지를 발견햇다.. 꼭 반대편 방으로 와..'
- '%cool:3600'
192:6:-46:world:
- '%cool:3600'
193:5:-45:world:
- '%op %chat §o§l8 August §8[§c8.15 광복절 8.16 시린이의 생일 !! ☆☆중요 §88.17........]'
- '%chat §b창문 너머로 누군가가 나를 지켜보고있엇다.. 퀘스트도 퀘스트지만 난 살고싶다..'
- spawn
19:4:18:world:
- '%chat §6[ 낚 시 ] 1. 낚싯대를 들고 물가에 서서 허공을 꾹 누르면 낚싯대가 던져집니다.'
- '%chat §6[ 낚 시 ] 2. 낚싯대를 던진 후 하얀색 거품이 나올 때까지 기다립니다.'
- '%chat §6[ 낚 시 ] 3. 기다리는 중에 하얀색 거품이 나면 Fish 버튼을 눌러 물고기를 낚습니다.'
- '%chat §6[ 낚 시 ] 4. 낚는 도중 블럭 등에 물고기가 걸려 낚지 못할 수 있으니 주의하시길 바랍니다.'
21:10:32:world:
- '%op kick %p 븙'
250:6:953:MineFarm_2:
- '%b %op %chat %tp:215,5,985'
250:7:955:MineFarm_2:
- '%cool:3600 %op %tp:215,8,985'
- d
280:6:579:MineFarm_1:
- '%console effect %player %dice:1,21 5000 %dice:0,9'
296:5:548:MineFarm_2:
- '%chat [프페]탈출게임 공사중 !!!!!!'
- tell pre_pare 바보바보
2:23:119:world:
- '%op %chat §c???:쿨럭쿨럭.. 아프다 !! §4[ -1 ]'
2:6:-2:world:
- '%chat 벨생일까지 앞으로 3잉'
34:5:139:world:
- '%op tp:[34,33,139] %p'
35:7:-3:world:
- '%op tp sirius cheese '
44:10:-145:world:
- '%b %op %chat %tp:46,16,-142'
- '%chat §c[옷가게] §a엘레베이터 : §e3층으로 이동합니다.'
44:17:-145:world:
- '%b %op %chat %tp:46,23,-142'
- '%chat §c[옷가게] §a엘레베이터 : §e4층으로 이동합니다.'
44:24:-145:world:
- '%b %op %chat %tp:46,32,-142'
- '%chat §c[옷가게] §a엘레베이터 : §e5층으로 이동합니다.'
44:32:-145:world:
- '%chat §c[옷가게] §a엘레베이터 : §e더이상 올라갈 수 없습니다.'
44:3:-145:world:
- '%b %op %chat %tp:46,9,-142'
- '%chat §c[옷가게] §a엘레베이터 : §e2층으로 이동합니다.'
48:10:-145:world:
- '%b %op %chat %tp:46,3,-142'
- '%chat §c[옷가게] §a엘레베이터 : §e1층으로 이동합니다.'
48:17:-145:world:
- '%b %op %chat %tp:46,9,-142'
- '%chat §c[옷가게] §a엘레베이터 : §e2층으로 이동합니다.'
48:24:-145:world:
- '%b %op %chat %tp:46,16,-142'
- '%chat §c[옷가게] §a엘레베이터 : §e3층으로 이동합니다.'
48:32:-145:world:
- '%b %op %chat %tp:46,23,-142'
- '%chat §c[옷가게] §a엘레베이터 : §e4층으로 이동합니다.'
48:3:-145:world:
- '%chat §c[옷가게] §a엘레베이터 : §e더이상 내려갈 수 없습니다.'
501:1:900:MineFarm_1:
- '%console op rune'
502:50:996:MineFarm_1:
- '%console op rune'
524:10:449:MineFarm_1:
- say 지금부터 마피아게임을 시작합니다 선착10분만 55번팜에오셔서 할수잇습니다
524:11:449:MineFarm_1:
- '%op %say 마피아게임하실분은 55번팜으로 오셔서 배드락안으로 선착순 10분만 오시면 시작합니다'
525:10:449:MineFarm_1:
- say 마피아를 선택하겟습니다 마피아는 귓말로 보냅니다
525:11:449:MineFarm_1:
- say 마피아는 귓말로 사회자에게 누구를 죽일건지 알려주세요
525:9:449:MineFarm_1:
- say 시민분들은 누구를 죽일건지 사회자에게 귓말을 보내주시요
526:10:449:MineFarm_1:
- say 의사를 선택하겟습니다. 의사는 귓말로 보내드리겟습니다.
526:11:449:MineFarm_1:
- say 의사는 누구를 살릴건지 사회자에게 귓말로 보내주세요.
526:9:449:MineFarm_1:
- say §b마피아팀 §4승리!
527:10:449:MineFarm_1:
- say 경찰을 선택하겟습니다. 경찰은 귓말로 보내드립니다.
527:11:449:MineFarm_1:
- say 경찰은 누구의 직업을 알고싶은지 사회자에기 귓말해주세요.
527:9:449:MineFarm_1:
- say §b시민팀 §4승리!
528:10:449:MineFarm_1:
- say 아침입니다
- time set 0
528:9:449:MineFarm_1:
- say 이상으로 마피아 게임을 마치겟습니다 안녕히가세요
529:10:449:MineFarm_1:
- say 밤입니다
- time set 13500
529:9:449:MineFarm_1:
- '%op %time set 0'
54:5:162:world:
- '%chat §4§o열심히 제작중입니다 (ToT)  조금만 기다려주세요 !'
550:5:947:MineFarm_1:
- '%block %chat test'
552:2:948:MineFarm_1:
- '%cool:60 %block %chat §o§l§6[Rune''s Farm] Welcome to My Farm, %player !!'
581:18:486:MineFarm_1:
- '%op tp %p 549 24 495'
58:6:-1:world:
- '%tp:53,4,-4'
- '%chat §6§o그날 난 집에서 출근 준비를 하고 있었지..'
592:26:495:MineFarm_1:
- '%op 방문 55'
598:1:998:MineFarm_1:
- '%console op rune'
816:36:747:MineFarm_1:
- '%b %op tp %p 850 29 850'
817:36:748:MineFarm_1:
- '%b %op tp %p 850 29 750'
843:4:758:MineFarm_1:
- say 저녁입니다
- '%op time set 0 %p'
844:27:748:MineFarm_1:
- '%op kick %p §l§e§o치즈§c[0/9999] §e치즈녹이기 스킬에 의해 사망 !'
849:27:753:MineFarm_1:
- '%op %serverTP 115.68.116.171 19134 %p'
851:33:748:MineFarm_1:
- '%b %op tp %p 851 39 750'
851:33:749:MineFarm_1:
- '%b %op tp %p 851 39 750'
852:33:748:MineFarm_1:
- '%op tp %p 851 39 750 %b'
855:4:758:MineFarm_1:
- console .
- say 카운트 다운
862:27:746:MineFarm_1:
- '%op %serverTP 115.68'
863:27:745:MineFarm_1:
- '%op %SERVERTP 115,68,116,171 19134'
863:28:730:MineFarm_1:
- '%op kick %p §o§e치즈§c[0/9999]§e 치즈녹이기 스킬에 의해 사망 !'
867:31:761:MineFarm_1:
- '%b %op effect %p jump 1 3'
867:32:730:MineFarm_1:
- '%op signoroid add rotate '
869:28:759:MineFarm_1:
- '%chat %op effect %p jump 1 5'
- '%op effect %p jump 1 5 %w'
870:28:759:MineFarm_1:
- '%op effect %p jump 1 5 %tell'
882:4:732:MineFarm_1:
- '%op npc add sirius %p'
882:5:729:MineFarm_1:
- '%op npc add sirius %p'
882:6:761:MineFarm_1:
- say 저녘입니다
- '%op time set 7000 %p'
975:43:834:MineFarm_1:
- '%tp:955.96844482422,45.199999694824,846.92340087891'
- '%block %tp:955.96844482422,45.199999694824,846.92340087891'
...
